{
  "name": "hiwot-web3-app",
  "private": true,
  "workspaces": [
    "backend",
    "frontend"
  ],
  "scripts": {
    "backend": "npm run start --workspace=backend",
    "frontend": "npm run start --workspace=frontend",
    "contract:build": "cd contract && cargo build --target wasm32-unknown-unknown --release",
    "contract:test": "cd contract && cargo test"
  }
}
